// !$*UTF8*$!
{
	archiveVersion = 1;
	classes = {
	};
	objectVersion = 46;
	objects = {

/* Begin PBXBuildFile section */
		F88103FC1E7A017E00D64B05 /* AppDelegate.swift in Sources */ = {isa = PBXBuildFile; fileRef = F88103FB1E7A017E00D64B05 /* AppDelegate.swift */; };
		F88103FE1E7A017E00D64B05 /* ViewController.swift in Sources */ = {isa = PBXBuildFile; fileRef = F88103FD1E7A017E00D64B05 /* ViewController.swift */; };
		F88104011E7A017E00D64B05 /* Main.storyboard in Resources */ = {isa = PBXBuildFile; fileRef = F88103FF1E7A017E00D64B05 /* Main.storyboard */; };
		F88104031E7A017E00D64B05 /* Assets.xcassets in Resources */ = {isa = PBXBuildFile; fileRef = F88104021E7A017E00D64B05 /* Assets.xcassets */; };
		F88104061E7A017E00D64B05 /* LaunchScreen.storyboard in Resources */ = {isa = PBXBuildFile; fileRef = F88104041E7A017E00D64B05 /* LaunchScreen.storyboard */; };
		F88104111E7A017E00D64B05 /* SureWalkTests.swift in Sources */ = {isa = PBXBuildFile; fileRef = F88104101E7A017E00D64B05 /* SureWalkTests.swift */; };
		F881041C1E7A017E00D64B05 /* SureWalkUITests.swift in Sources */ = {isa = PBXBuildFile; fileRef = F881041B1E7A017E00D64B05 /* SureWalkUITests.swift */; };
/* End PBXBuildFile section */

/* Begin PBXContainerItemProxy section */
		F881040D1E7A017E00D64B05 /* PBXContainerItemProxy */ = {
			isa = PBXContainerItemProxy;
			containerPortal = F88103F01E7A017E00D64B05 /* Project object */;
			proxyType = 1;
			remoteGlobalIDString = F88103F71E7A017E00D64B05;
			remoteInfo = SureWalk;
		};
		F88104181E7A017E00D64B05 /* PBXContainerItemProxy */ = {
			isa = PBXContainerItemProxy;
			containerPortal = F88103F01E7A017E00D64B05 /* Project object */;
			proxyType = 1;
			remoteGlobalIDString = F88103F71E7A017E00D64B05;
			remoteInfo = SureWalk;
		};
/* End PBXContainerItemProxy section */

/* Begin PBXFileReference section */
		F88103F81E7A017E00D64B05 /* SureWalk.app */ = {isa = PBXFileReference; explicitFileType = wrapper.application; includeInIndex = 0; path = SureWalk.app; sourceTree = BUILT_PRODUCTS_DIR; };
		F88103FB1E7A017E00D64B05 /* AppDelegate.swift */ = {isa = PBXFileReference; lastKnownFileType = sourcecode.swift; path = AppDelegate.swift; sourceTree = "<group>"; };
		F88103FD1E7A017E00D64B05 /* ViewController.swift */ = {isa = PBXFileReference; lastKnownFileType = sourcecode.swift; path = ViewController.swift; sourceTree = "<group>"; };
		F88104001E7A017E00D64B05 /* Base */ = {isa = PBXFileReference; lastKnownFileType = file.storyboard; name = Base; path = Base.lproj/Main.storyboard; sourceTree = "<group>"; };
		F88104021E7A017E00D64B05 /* Assets.xcassets */ = {isa = PBXFileReference; lastKnownFileType = folder.assetcatalog; path = Assets.xcassets; sourceTree = "<group>"; };
		F88104051E7A017E00D64B05 /* Base */ = {isa = PBXFileReference; lastKnownFileType = file.storyboard; name = Base; path = Base.lproj/LaunchScreen.storyboard; sourceTree = "<group>"; };
		F88104071E7A017E00D64B05 /* Info.plist */ = {isa = PBXFileReference; lastKnownFileType = text.plist.xml; path = Info.plist; sourceTree = "<group>"; };
		F881040C1E7A017E00D64B05 /* SureWalkTests.xctest */ = {isa = PBXFileReference; explicitFileType = wrapper.cfbundle; includeInIndex = 0; path = SureWalkTests.xctest; sourceTree = BUILT_PRODUCTS_DIR; };
		F88104101E7A017E00D64B05 /* SureWalkTests.swift */ = {isa = PBXFileReference; lastKnownFileType = sourcecode.swift; path = SureWalkTests.swift; sourceTree = "<group>"; };
		F88104121E7A017E00D64B05 /* Info.plist */ = {isa = PBXFileReference; lastKnownFileType = text.plist.xml; path = Info.plist; sourceTree = "<group>"; };
		F88104171E7A017E00D64B05 /* SureWalkUITests.xctest */ = {isa = PBXFileReference; explicitFileType = wrapper.cfbundle; includeInIndex = 0; path = SureWalkUITests.xctest; sourceTree = BUILT_PRODUCTS_DIR; };
		F881041B1E7A017E00D64B05 /* SureWalkUITests.swift */ = {isa = PBXFileReference; lastKnownFileType = sourcecode.swift; path = SureWalkUITests.swift; sourceTree = "<group>"; };
		F881041D1E7A017E00D64B05 /* Info.plist */ = {isa = PBXFileReference; lastKnownFileType = text.plist.xml; path = Info.plist; sourceTree = "<group>"; };
/* End PBXFileReference section */

/* Begin PBXFrameworksBuildPhase section */
		F88103F51E7A017E00D64B05 /* Frameworks */ = {
			isa = PBXFrameworksBuildPhase;
			buildActionMask = 2147483647;
			files = (
			);
			runOnlyForDeploymentPostprocessing = 0;
		};
		F88104091E7A017E00D64B05 /* Frameworks */ = {
			isa = PBXFrameworksBuildPhase;
			buildActionMask = 2147483647;
			files = (
			);
			runOnlyForDeploymentPostprocessing = 0;
		};
		F88104141E7A017E00D64B05 /* Frameworks */ = {
			isa = PBXFrameworksBuildPhase;
			buildActionMask = 2147483647;
			files = (
			);
			runOnlyForDeploymentPostprocessing = 0;
		};
/* End PBXFrameworksBuildPhase section */

/* Begin PBXGroup section */
		F88103EF1E7A017E00D64B05 = {
			isa = PBXGroup;
			children = (
				F88103FA1E7A017E00D64B05 /* SureWalk */,
				F881040F1E7A017E00D64B05 /* SureWalkTests */,
				F881041A1E7A017E00D64B05 /* SureWalkUITests */,
				F88103F91E7A017E00D64B05 /* Products */,
			);
			sourceTree = "<group>";
		};
		F88103F91E7A017E00D64B05 /* Products */ = {
			isa = PBXGroup;
			children = (
				F88103F81E7A017E00D64B05 /* SureWalk.app */,
				F881040C1E7A017E00D64B05 /* SureWalkTests.xctest */,
				F88104171E7A017E00D64B05 /* SureWalkUITests.xctest */,
			);
			name = Products;
			sourceTree = "<group>";
		};
		F88103FA1E7A017E00D64B05 /* SureWalk */ = {
			isa = PBXGroup;
			children = (
				F88103FB1E7A017E00D64B05 /* AppDelegate.swift */,
				F88103FD1E7A017E00D64B05 /* ViewController.swift */,
				F88103FF1E7A017E00D64B05 /* Main.storyboard */,
				F88104021E7A017E00D64B05 /* Assets.xcassets */,
				F88104041E7A017E00D64B05 /* LaunchScreen.storyboard */,
				F88104071E7A017E00D64B05 /* Info.plist */,
			);
			path = SureWalk;
			sourceTree = "<group>";
		};
		F881040F1E7A017E00D64B05 /* SureWalkTests */ = {
			isa = PBXGroup;
			children = (
				F88104101E7A017E00D64B05 /* SureWalkTests.swift */,
				F88104121E7A017E00D64B05 /* Info.plist */,
			);
			path = SureWalkTests;
			sourceTree = "<group>";
		};
		F881041A1E7A017E00D64B05 /* SureWalkUITests */ = {
			isa = PBXGroup;
			children = (
				F881041B1E7A017E00D64B05 /* SureWalkUITests.swift */,
				F881041D1E7A017E00D64B05 /* Info.plist */,
			);
			path = SureWalkUITests;
			sourceTree = "<group>";
		};
/* End PBXGroup section */

/* Begin PBXNativeTarget section */
		F88103F71E7A017E00D64B05 /* SureWalk */ = {
			isa = PBXNativeTarget;
			buildConfigurationList = F88104201E7A017E00D64B05 /* Build configuration list for PBXNativeTarget "SureWalk" */;
			buildPhases = (
				F88103F41E7A017E00D64B05 /* Sources */,
				F88103F51E7A017E00D64B05 /* Frameworks */,
				F88103F61E7A017E00D64B05 /* Resources */,
			);
			buildRules = (
			);
			dependencies = (
			);
			name = SureWalk;
			productName = SureWalk;
			productReference = F88103F81E7A017E00D64B05 /* SureWalk.app */;
			productType = "com.apple.product-type.application";
		};
		F881040B1E7A017E00D64B05 /* SureWalkTests */ = {
			isa = PBXNativeTarget;
			buildConfigurationList = F88104231E7A017E00D64B05 /* Build configuration list for PBXNativeTarget "SureWalkTests" */;
			buildPhases = (
				F88104081E7A017E00D64B05 /* Sources */,
				F88104091E7A017E00D64B05 /* Frameworks */,
				F881040A1E7A017E00D64B05 /* Resources */,
			);
			buildRules = (
			);
			dependencies = (
				F881040E1E7A017E00D64B05 /* PBXTargetDependency */,
			);
			name = SureWalkTests;
			productName = SureWalkTests;
			productReference = F881040C1E7A017E00D64B05 /* SureWalkTests.xctest */;
			productType = "com.apple.product-type.bundle.unit-test";
		};
		F88104161E7A017E00D64B05 /* SureWalkUITests */ = {
			isa = PBXNativeTarget;
			buildConfigurationList = F88104261E7A017E00D64B05 /* Build configuration list for PBXNativeTarget "SureWalkUITests" */;
			buildPhases = (
				F88104131E7A017E00D64B05 /* Sources */,
				F88104141E7A017E00D64B05 /* Frameworks */,
				F88104151E7A017E00D64B05 /* Resources */,
			);
			buildRules = (
			);
			dependencies = (
				F88104191E7A017E00D64B05 /* PBXTargetDependency */,
			);
			name = SureWalkUITests;
			productName = SureWalkUITests;
			productReference = F88104171E7A017E00D64B05 /* SureWalkUITests.xctest */;
			productType = "com.apple.product-type.bundle.ui-testing";
		};
/* End PBXNativeTarget section */

/* Begin PBXProject section */
		F88103F01E7A017E00D64B05 /* Project object */ = {
			isa = PBXProject;
			attributes = {
				LastSwiftUpdateCheck = 0800;
				LastUpgradeCheck = 0800;
				ORGANIZATIONNAME = "Vaidehi Duraphe";
				TargetAttributes = {
					F88103F71E7A017E00D64B05 = {
						CreatedOnToolsVersion = 8.0;
						ProvisioningStyle = Automatic;
					};
					F881040B1E7A017E00D64B05 = {
						CreatedOnToolsVersion = 8.0;
						ProvisioningStyle = Automatic;
						TestTargetID = F88103F71E7A017E00D64B05;
					};
					F88104161E7A017E00D64B05 = {
						CreatedOnToolsVersion = 8.0;
						ProvisioningStyle = Automatic;
						TestTargetID = F88103F71E7A017E00D64B05;
					};
				};
			};
			buildConfigurationList = F88103F31E7A017E00D64B05 /* Build configuration list for PBXProject "SureWalk" */;
			compatibilityVersion = "Xcode 3.2";
			developmentRegion = English;
			hasScannedForEncodings = 0;
			knownRegions = (
				en,
				Base,
			);
			mainGroup = F88103EF1E7A017E00D64B05;
			productRefGroup = F88103F91E7A017E00D64B05 /* Products */;
			projectDirPath = "";
			projectRoot = "";
			targets = (
				F88103F71E7A017E00D64B05 /* SureWalk */,
				F881040B1E7A017E00D64B05 /* SureWalkTests */,
				F88104161E7A017E00D64B05 /* SureWalkUITests */,
			);
		};
/* End PBXProject section */

/* Begin PBXResourcesBuildPhase section */
		F88103F61E7A017E00D64B05 /* Resources */ = {
			isa = PBXResourcesBuildPhase;
			buildActionMask = 2147483647;
			files = (
				F88104061E7A017E00D64B05 /* LaunchScreen.storyboard in Resources */,
				F88104031E7A017E00D64B05 /* Assets.xcassets in Resources */,
				F88104011E7A017E00D64B05 /* Main.storyboard in Resources */,
			);
			runOnlyForDeploymentPostprocessing = 0;
		};
		F881040A1E7A017E00D64B05 /* Resources */ = {
			isa = PBXResourcesBuildPhase;
			buildActionMask = 2147483647;
			files = (
			);
			runOnlyForDeploymentPostprocessing = 0;
		};
		F88104151E7A017E00D64B05 /* Resources */ = {
			isa = PBXResourcesBuildPhase;
			buildActionMask = 2147483647;
			files = (
			);
			runOnlyForDeploymentPostprocessing = 0;
		};
/* End PBXResourcesBuildPhase section */

/* Begin PBXSourcesBuildPhase section */
		F88103F41E7A017E00D64B05 /* Sources */ = {
			isa = PBXSourcesBuildPhase;
			buildActionMask = 2147483647;
			files = (
				F88103FE1E7A017E00D64B05 /* ViewController.swift in Sources */,
				F88103FC1E7A017E00D64B05 /* AppDelegate.swift in Sources */,
			);
			runOnlyForDeploymentPostprocessing = 0;
		};
		F88104081E7A017E00D64B05 /* Sources */ = {
			isa = PBXSourcesBuildPhase;
			buildActionMask = 2147483647;
			files = (
				F88104111E7A017E00D64B05 /* SureWalkTests.swift in Sources */,
			);
			runOnlyForDeploymentPostprocessing = 0;
		};
		F88104131E7A017E00D64B05 /* Sources */ = {
			isa = PBXSourcesBuildPhase;
			buildActionMask = 2147483647;
			files = (
				F881041C1E7A017E00D64B05 /* SureWalkUITests.swift in Sources */,
			);
			runOnlyForDeploymentPostprocessing = 0;
		};
/* End PBXSourcesBuildPhase section */

/* Begin PBXTargetDependency section */
		F881040E1E7A017E00D64B05 /* PBXTargetDependency */ = {
			isa = PBXTargetDependency;
			target = F88103F71E7A017E00D64B05 /* SureWalk */;
			targetProxy = F881040D1E7A017E00D64B05 /* PBXContainerItemProxy */;
		};
		F88104191E7A017E00D64B05 /* PBXTargetDependency */ = {
			isa = PBXTargetDependency;
			target = F88103F71E7A017E00D64B05 /* SureWalk */;
			targetProxy = F88104181E7A017E00D64B05 /* PBXContainerItemProxy */;
		};
/* End PBXTargetDependency section */

/* Begin PBXVariantGroup section */
		F88103FF1E7A017E00D64B05 /* Main.storyboard */ = {
			isa = PBXVariantGroup;
			children = (
				F88104001E7A017E00D64B05 /* Base */,
			);
			name = Main.storyboard;
			sourceTree = "<group>";
		};
		F88104041E7A017E00D64B05 /* LaunchScreen.storyboard */ = {
			isa = PBXVariantGroup;
			children = (
				F88104051E7A017E00D64B05 /* Base */,
			);
			name = LaunchScreen.storyboard;
			sourceTree = "<group>";
		};
/* End PBXVariantGroup section */

/* Begin XCBuildConfiguration section */
		F881041E1E7A017E00D64B05 /* Debug */ = {
			isa = XCBuildConfiguration;
			buildSettings = {
				ALWAYS_SEARCH_USER_PATHS = NO;
				CLANG_ANALYZER_NONNULL = YES;
				CLANG_CXX_LANGUAGE_STANDARD = "gnu++0x";
				CLANG_CXX_LIBRARY = "libc++";
				CLANG_ENABLE_MODULES = YES;
				CLANG_ENABLE_OBJC_ARC = YES;
				CLANG_WARN_BOOL_CONVERSION = YES;
				CLANG_WARN_CONSTANT_CONVERSION = YES;
				CLANG_WARN_DIRECT_OBJC_ISA_USAGE = YES_ERROR;
				CLANG_WARN_DOCUMENTATION_COMMENTS = YES;
				CLANG_WARN_EMPTY_BODY = YES;
				CLANG_WARN_ENUM_CONVERSION = YES;
				CLANG_WARN_INFINITE_RECURSION = YES;
				CLANG_WARN_INT_CONVERSION = YES;
				CLANG_WARN_OBJC_ROOT_CLASS = YES_ERROR;
				CLANG_WARN_SUSPICIOUS_MOVES = YES;
				CLANG_WARN_UNREACHABLE_CODE = YES;
				CLANG_WARN__DUPLICATE_METHOD_MATCH = YES;
				"CODE_SIGN_IDENTITY[sdk=iphoneos*]" = "iPhone Developer";
				COPY_PHASE_STRIP = NO;
				DEBUG_INFORMATION_FORMAT = dwarf;
				ENABLE_STRICT_OBJC_MSGSEND = YES;
				ENABLE_TESTABILITY = YES;
				GCC_C_LANGUAGE_STANDARD = gnu99;
				GCC_DYNAMIC_NO_PIC = NO;
				GCC_NO_COMMON_BLOCKS = YES;
				GCC_OPTIMIZATION_LEVEL = 0;
				GCC_PREPROCESSOR_DEFINITIONS = (
					"DEBUG=1",
					"$(inherited)",
				);
				GCC_WARN_64_TO_32_BIT_CONVERSION = YES;
				GCC_WARN_ABOUT_RETURN_TYPE = YES_ERROR;
				GCC_WARN_UNDECLARED_SELECTOR = YES;
				GCC_WARN_UNINITIALIZED_AUTOS = YES_AGGRESSIVE;
				GCC_WARN_UNUSED_FUNCTION = YES;
				GCC_WARN_UNUSED_VARIABLE = YES;
				IPHONEOS_DEPLOYMENT_TARGET = 10.0;
				MTL_ENABLE_DEBUG_INFO = YES;
				ONLY_ACTIVE_ARCH = YES;
				SDKROOT = iphoneos;
				SWIFT_ACTIVE_COMPILATION_CONDITIONS = DEBUG;
				SWIFT_OPTIMIZATION_LEVEL = "-Onone";
			};
			name = Debug;
		};
		F881041F1E7A017E00D64B05 /* Release */ = {
			isa = XCBuildConfiguration;
			buildSettings = {
				ALWAYS_SEARCH_USER_PATHS = NO;
				CLANG_ANALYZER_NONNULL = YES;
				CLANG_CXX_LANGUAGE_STANDARD = "gnu++0x";
				CLANG_CXX_LIBRARY = "libc++";
				CLANG_ENABLE_MODULES = YES;
				CLANG_ENABLE_OBJC_ARC = YES;
				CLANG_WARN_BOOL_CONVERSION = YES;
				CLANG_WARN_CONSTANT_CONVERSION = YES;
				CLANG_WARN_DIRECT_OBJC_ISA_USAGE = YES_ERROR;
				CLANG_WARN_DOCUMENTATION_COMMENTS = YES;
				CLANG_WARN_EMPTY_BODY = YES;
				CLANG_WARN_ENUM_CONVERSION = YES;
				CLANG_WARN_INFINITE_RECURSION = YES;
				CLANG_WARN_INT_CONVERSION = YES;
				CLANG_WARN_OBJC_ROOT_CLASS = YES_ERROR;
				CLANG_WARN_SUSPICIOUS_MOVES = YES;
				CLANG_WARN_UNREACHABLE_CODE = YES;
				CLANG_WARN__DUPLICATE_METHOD_MATCH = YES;
				"CODE_SIGN_IDENTITY[sdk=iphoneos*]" = "iPhone Developer";
				COPY_PHASE_STRIP = NO;
				DEBUG_INFORMATION_FORMAT = "dwarf-with-dsym";
				ENABLE_NS_ASSERTIONS = NO;
				ENABLE_STRICT_OBJC_MSGSEND = YES;
				GCC_C_LANGUAGE_STANDARD = gnu99;
				GCC_NO_COMMON_BLOCKS = YES;
				GCC_WARN_64_TO_32_BIT_CONVERSION = YES;
				GCC_WARN_ABOUT_RETURN_TYPE = YES_ERROR;
				GCC_WARN_UNDECLARED_SELECTOR = YES;
				GCC_WARN_UNINITIALIZED_AUTOS = YES_AGGRESSIVE;
				GCC_WARN_UNUSED_FUNCTION = YES;
				GCC_WARN_UNUSED_VARIABLE = YES;
				IPHONEOS_DEPLOYMENT_TARGET = 10.0;
				MTL_ENABLE_DEBUG_INFO = NO;
				SDKROOT = iphoneos;
				SWIFT_OPTIMIZATION_LEVEL = "-Owholemodule";
				VALIDATE_PRODUCT = YES;
			};
			name = Release;
		};
		F88104211E7A017E00D64B05 /* Debug */ = {
			isa = XCBuildConfiguration;
			buildSettings = {
				ASSETCATALOG_COMPILER_APPICON_NAME = AppIcon;
				INFOPLIST_FILE = SureWalk/Info.plist;
				LD_RUNPATH_SEARCH_PATHS = "$(inherited) @executable_path/Frameworks";
				PRODUCT_BUNDLE_IDENTIFIER = codepath.SureWalk;
				PRODUCT_NAME = "$(TARGET_NAME)";
				SWIFT_VERSION = 3.0;
			};
			name = Debug;
		};
		F88104221E7A017E00D64B05 /* Release */ = {
			isa = XCBuildConfiguration;
			buildSettings = {
				ASSETCATALOG_COMPILER_APPICON_NAME = AppIcon;
				INFOPLIST_FILE = SureWalk/Info.plist;
				LD_RUNPATH_SEARCH_PATHS = "$(inherited) @executable_path/Frameworks";
				PRODUCT_BUNDLE_IDENTIFIER = codepath.SureWalk;
				PRODUCT_NAME = "$(TARGET_NAME)";
				SWIFT_VERSION = 3.0;
			};
			name = Release;
		};
		F88104241E7A017E00D64B05 /* Debug */ = {
			isa = XCBuildConfiguration;
			buildSettings = {
				ALWAYS_EMBED_SWIFT_STANDARD_LIBRARIES = YES;
				BUNDLE_LOADER = "$(TEST_HOST)";
				INFOPLIST_FILE = SureWalkTests/Info.plist;
				LD_RUNPATH_SEARCH_PATHS = "$(inherited) @executable_path/Frameworks @loader_path/Frameworks";
				PRODUCT_BUNDLE_IDENTIFIER = codepath.SureWalkTests;
				PRODUCT_NAME = "$(TARGET_NAME)";
				SWIFT_VERSION = 3.0;
				TEST_HOST = "$(BUILT_PRODUCTS_DIR)/SureWalk.app/SureWalk";
			};
			name = Debug;
		};
		F88104251E7A017E00D64B05 /* Release */ = {
			isa = XCBuildConfiguration;
			buildSettings = {
				ALWAYS_EMBED_SWIFT_STANDARD_LIBRARIES = YES;
				BUNDLE_LOADER = "$(TEST_HOST)";
				INFOPLIST_FILE = SureWalkTests/Info.plist;
				LD_RUNPATH_SEARCH_PATHS = "$(inherited) @executable_path/Frameworks @loader_path/Frameworks";
				PRODUCT_BUNDLE_IDENTIFIER = codepath.SureWalkTests;
				PRODUCT_NAME = "$(TARGET_NAME)";
				SWIFT_VERSION = 3.0;
				TEST_HOST = "$(BUILT_PRODUCTS_DIR)/SureWalk.app/SureWalk";
			};
			name = Release;
		};
		F88104271E7A017E00D64B05 /* Debug */ = {
			isa = XCBuildConfiguration;
			buildSettings = {
				ALWAYS_EMBED_SWIFT_STANDARD_LIBRARIES = YES;
				INFOPLIST_FILE = SureWalkUITests/Info.plist;
				LD_RUNPATH_SEARCH_PATHS = "$(inherited) @executable_path/Frameworks @loader_path/Frameworks";
				PRODUCT_BUNDLE_IDENTIFIER = codepath.SureWalkUITests;
				PRODUCT_NAME = "$(TARGET_NAME)";
				SWIFT_VERSION = 3.0;
				TEST_TARGET_NAME = SureWalk;
			};
			name = Debug;
		};
		F88104281E7A017E00D64B05 /* Release */ = {
			isa = XCBuildConfiguration;
			buildSettings = {
				ALWAYS_EMBED_SWIFT_STANDARD_LIBRARIES = YES;
				INFOPLIST_FILE = SureWalkUITests/Info.plist;
				LD_RUNPATH_SEARCH_PATHS = "$(inherited) @executable_path/Frameworks @loader_path/Frameworks";
				PRODUCT_BUNDLE_IDENTIFIER = codepath.SureWalkUITests;
				PRODUCT_NAME = "$(TARGET_NAME)";
				SWIFT_VERSION = 3.0;
				TEST_TARGET_NAME = SureWalk;
			};
			name = Release;
		};
/* End XCBuildConfiguration section */

/* Begin XCConfigurationList section */
		F88103F31E7A017E00D64B05 /* Build configuration list for PBXProject "SureWalk" */ = {
			isa = XCConfigurationList;
			buildConfigurations = (
				F881041E1E7A017E00D64B05 /* Debug */,
				F881041F1E7A017E00D64B05 /* Release */,
			);
			defaultConfigurationIsVisible = 0;
			defaultConfigurationName = Release;
		};
		F88104201E7A017E00D64B05 /* Build configuration list for PBXNativeTarget "SureWalk" */ = {
			isa = XCConfigurationList;
			buildConfigurations = (
				F88104211E7A017E00D64B05 /* Debug */,
				F88104221E7A017E00D64B05 /* Release */,
			);
			defaultConfigurationIsVisible = 0;
		};
		F88104231E7A017E00D64B05 /* Build configuration list for PBXNativeTarget "SureWalkTests" */ = {
			isa = XCConfigurationList;
			buildConfigurations = (
				F88104241E7A017E00D64B05 /* Debug */,
				F88104251E7A017E00D64B05 /* Release */,
			);
			defaultConfigurationIsVisible = 0;
		};
		F88104261E7A017E00D64B05 /* Build configuration list for PBXNativeTarget "SureWalkUITests" */ = {
			isa = XCConfigurationList;
			buildConfigurations = (
				F88104271E7A017E00D64B05 /* Debug */,
				F88104281E7A017E00D64B05 /* Release */,
			);
			defaultConfigurationIsVisible = 0;
		};
/* End XCConfigurationList section */
	};
	rootObject = F88103F01E7A017E00D64B05 /* Project object */;
}
